{
  "pins" : [
    {
      "identity" : "alamofire",
      "kind" : "remoteSourceControl",
      "location" : "https://github.com/Alamofire/Alamofire.git",
      "state" : {
        "revision" : "354dda32d89fc8cd4f5c46487f64957d355f53d8",
        "version" : "5.6.1"
      }
    },
    {
      "identity" : "mlbaseswiftui",
      "kind" : "remoteSourceControl",
      "location" : "https://github.com/alaattinbedir/MLBaseSwiftUI.git",
      "state" : {
        "revision" : "afd4e9f37258a8630ff01d6bde7c26f2aefda0c9",
        "version" : "1.0.4"
      }
    },
    {
      "identity" : "mlnetworking",
      "kind" : "remoteSourceControl",
      "location" : "https://github.com/alaattinbedir/MLNetworking.git",
      "state" : {
        "revision" : "ecd7d23469cf8a45d3996ddd761537e35c431450",
        "version" : "1.1.1"
      }
    }
  ],
  "version" : 2
}
