{
  "pins" : [
    {
      "identity" : "alamofire",
      "kind" : "remoteSourceControl",
      "location" : "https://github.com/Alamofire/Alamofire.git",
      "state" : {
        "revision" : "354dda32d89fc8cd4f5c46487f64957d355f53d8",
        "version" : "5.6.1"
      }
    },
    {
      "identity" : "mlbaseswiftui",
      "kind" : "remoteSourceControl",
      "location" : "https://github.com/alaattinbedir/MLBaseSwiftUI.git",
      "state" : {
        "revision" : "4908646f80efd0507ccd28ebde780859b2d5107b",
        "version" : "1.0.8"
      }
    },
    {
      "identity" : "mlnetworking",
      "kind" : "remoteSourceControl",
      "location" : "https://github.com/alaattinbedir/MLNetworking.git",
      "state" : {
        "revision" : "8e49225b7484cb6536252b240ddf1535bac242a6",
        "version" : "1.1.2"
      }
    },
    {
      "identity" : "popupview",
      "kind" : "remoteSourceControl",
      "location" : "https://github.com/exyte/PopupView.git",
      "state" : {
        "revision" : "a25e22b46d47558b1e7e049b5734522c6706600c",
        "version" : "1.1.5"
      }
    }
  ],
  "version" : 2
}
