// !$*UTF8*$!
{
	archiveVersion = 1;
	classes = {
	};
	objectVersion = 55;
	objects = {

/* Begin PBXBuildFile section */
		8417D8E0286ADB7E00878083 /* WeatherSwiftUIApp.swift in Sources */ = {isa = PBXBuildFile; fileRef = 8417D8DF286ADB7E00878083 /* WeatherSwiftUIApp.swift */; };
		8417D8E4286ADB7F00878083 /* Assets.xcassets in Resources */ = {isa = PBXBuildFile; fileRef = 8417D8E3286ADB7F00878083 /* Assets.xcassets */; };
		8417D8E7286ADB7F00878083 /* Preview Assets.xcassets in Resources */ = {isa = PBXBuildFile; fileRef = 8417D8E6286ADB7F00878083 /* Preview Assets.xcassets */; };
		8417D8F1286ADB7F00878083 /* WeatherSwiftUITests.swift in Sources */ = {isa = PBXBuildFile; fileRef = 8417D8F0286ADB7F00878083 /* WeatherSwiftUITests.swift */; };
		8417D8FB286ADB7F00878083 /* WeatherSwiftUIUITests.swift in Sources */ = {isa = PBXBuildFile; fileRef = 8417D8FA286ADB7F00878083 /* WeatherSwiftUIUITests.swift */; };
		8417D8FD286ADB7F00878083 /* WeatherSwiftUIUITestsLaunchTests.swift in Sources */ = {isa = PBXBuildFile; fileRef = 8417D8FC286ADB7F00878083 /* WeatherSwiftUIUITestsLaunchTests.swift */; };
		8417D919286ADCFC00878083 /* WeatherVM.swift in Sources */ = {isa = PBXBuildFile; fileRef = 8417D90F286ADCFC00878083 /* WeatherVM.swift */; };
		8417D927286ADD3300878083 /* WeatherResponse.swift in Sources */ = {isa = PBXBuildFile; fileRef = 8417D922286ADD2400878083 /* WeatherResponse.swift */; };
		8417D92F286ADD6300878083 /* WeatherAPI.swift in Sources */ = {isa = PBXBuildFile; fileRef = 8417D92E286ADD5B00878083 /* WeatherAPI.swift */; };
		8417D946286ADE5700878083 /* MLBasicKit in Frameworks */ = {isa = PBXBuildFile; productRef = 8417D945286ADE5700878083 /* MLBasicKit */; };
		8417D948286ADE5C00878083 /* MLNetworking in Frameworks */ = {isa = PBXBuildFile; productRef = 8417D947286ADE5C00878083 /* MLNetworking */; };
		8417D949286ADEB200878083 /* Helper.swift in Sources */ = {isa = PBXBuildFile; fileRef = 8417D937286ADD7900878083 /* Helper.swift */; };
		8417D94A286ADEB700878083 /* Endpoints.swift in Sources */ = {isa = PBXBuildFile; fileRef = 8417D939286ADD7900878083 /* Endpoints.swift */; };
		8417D94B286ADEBA00878083 /* AppDomain.swift in Sources */ = {isa = PBXBuildFile; fileRef = 8417D93A286ADD7900878083 /* AppDomain.swift */; };
		8417D94C286ADEBE00878083 /* SessionKeeper.swift in Sources */ = {isa = PBXBuildFile; fileRef = 8417D93C286ADD7900878083 /* SessionKeeper.swift */; };
		8417D94D286ADEC200878083 /* Keeper.swift in Sources */ = {isa = PBXBuildFile; fileRef = 8417D93D286ADD7900878083 /* Keeper.swift */; };
		8417D94F286AE3FF00878083 /* WeatherView.swift in Sources */ = {isa = PBXBuildFile; fileRef = 8417D94E286AE3FF00878083 /* WeatherView.swift */; };
		842A45E4286B47730029F819 /* MLBasicKit in Frameworks */ = {isa = PBXBuildFile; productRef = 842A45E3286B47730029F819 /* MLBasicKit */; };
		842A45E7286B478E0029F819 /* MLNetworking in Frameworks */ = {isa = PBXBuildFile; productRef = 842A45E6286B478E0029F819 /* MLNetworking */; };
		842A45EA286B494C0029F819 /* DailyCellView.swift in Sources */ = {isa = PBXBuildFile; fileRef = 842A45E9286B494C0029F819 /* DailyCellView.swift */; };
		842A45ED286B49DC0029F819 /* HourlyCellView.swift in Sources */ = {isa = PBXBuildFile; fileRef = 842A45EC286B49DC0029F819 /* HourlyCellView.swift */; };
		84AC164E286CD42800F88023 /* WeatherDataSource.swift in Sources */ = {isa = PBXBuildFile; fileRef = 84AC164D286CD42800F88023 /* WeatherDataSource.swift */; };
		84AC16B5286DC94300F88023 /* WeatherAPIEntity.swift in Sources */ = {isa = PBXBuildFile; fileRef = 84AC16B4286DC94300F88023 /* WeatherAPIEntity.swift */; };
/* End PBXBuildFile section */

/* Begin PBXContainerItemProxy section */
		8417D8ED286ADB7F00878083 /* PBXContainerItemProxy */ = {
			isa = PBXContainerItemProxy;
			containerPortal = 8417D8D4286ADB7E00878083 /* Project object */;
			proxyType = 1;
			remoteGlobalIDString = 8417D8DB286ADB7E00878083;
			remoteInfo = WeatherSwiftUI;
		};
		8417D8F7286ADB7F00878083 /* PBXContainerItemProxy */ = {
			isa = PBXContainerItemProxy;
			containerPortal = 8417D8D4286ADB7E00878083 /* Project object */;
			proxyType = 1;
			remoteGlobalIDString = 8417D8DB286ADB7E00878083;
			remoteInfo = WeatherSwiftUI;
		};
/* End PBXContainerItemProxy section */

/* Begin PBXFileReference section */
		8417D8DC286ADB7E00878083 /* WeatherSwiftUI.app */ = {isa = PBXFileReference; explicitFileType = wrapper.application; includeInIndex = 0; path = WeatherSwiftUI.app; sourceTree = BUILT_PRODUCTS_DIR; };
		8417D8DF286ADB7E00878083 /* WeatherSwiftUIApp.swift */ = {isa = PBXFileReference; lastKnownFileType = sourcecode.swift; path = WeatherSwiftUIApp.swift; sourceTree = "<group>"; };
		8417D8E3286ADB7F00878083 /* Assets.xcassets */ = {isa = PBXFileReference; lastKnownFileType = folder.assetcatalog; path = Assets.xcassets; sourceTree = "<group>"; };
		8417D8E6286ADB7F00878083 /* Preview Assets.xcassets */ = {isa = PBXFileReference; lastKnownFileType = folder.assetcatalog; path = "Preview Assets.xcassets"; sourceTree = "<group>"; };
		8417D8EC286ADB7F00878083 /* WeatherSwiftUITests.xctest */ = {isa = PBXFileReference; explicitFileType = wrapper.cfbundle; includeInIndex = 0; path = WeatherSwiftUITests.xctest; sourceTree = BUILT_PRODUCTS_DIR; };
		8417D8F0286ADB7F00878083 /* WeatherSwiftUITests.swift */ = {isa = PBXFileReference; lastKnownFileType = sourcecode.swift; path = WeatherSwiftUITests.swift; sourceTree = "<group>"; };
		8417D8F6286ADB7F00878083 /* WeatherSwiftUIUITests.xctest */ = {isa = PBXFileReference; explicitFileType = wrapper.cfbundle; includeInIndex = 0; path = WeatherSwiftUIUITests.xctest; sourceTree = BUILT_PRODUCTS_DIR; };
		8417D8FA286ADB7F00878083 /* WeatherSwiftUIUITests.swift */ = {isa = PBXFileReference; lastKnownFileType = sourcecode.swift; path = WeatherSwiftUIUITests.swift; sourceTree = "<group>"; };
		8417D8FC286ADB7F00878083 /* WeatherSwiftUIUITestsLaunchTests.swift */ = {isa = PBXFileReference; lastKnownFileType = sourcecode.swift; path = WeatherSwiftUIUITestsLaunchTests.swift; sourceTree = "<group>"; };
		8417D90F286ADCFC00878083 /* WeatherVM.swift */ = {isa = PBXFileReference; fileEncoding = 4; lastKnownFileType = sourcecode.swift; path = WeatherVM.swift; sourceTree = "<group>"; };
		8417D922286ADD2400878083 /* WeatherResponse.swift */ = {isa = PBXFileReference; lastKnownFileType = sourcecode.swift; path = WeatherResponse.swift; sourceTree = "<group>"; };
		8417D92E286ADD5B00878083 /* WeatherAPI.swift */ = {isa = PBXFileReference; lastKnownFileType = sourcecode.swift; path = WeatherAPI.swift; sourceTree = "<group>"; };
		8417D937286ADD7900878083 /* Helper.swift */ = {isa = PBXFileReference; lastKnownFileType = sourcecode.swift; path = Helper.swift; sourceTree = "<group>"; };
		8417D939286ADD7900878083 /* Endpoints.swift */ = {isa = PBXFileReference; lastKnownFileType = sourcecode.swift; path = Endpoints.swift; sourceTree = "<group>"; };
		8417D93A286ADD7900878083 /* AppDomain.swift */ = {isa = PBXFileReference; lastKnownFileType = sourcecode.swift; path = AppDomain.swift; sourceTree = "<group>"; };
		8417D93C286ADD7900878083 /* SessionKeeper.swift */ = {isa = PBXFileReference; lastKnownFileType = sourcecode.swift; path = SessionKeeper.swift; sourceTree = "<group>"; };
		8417D93D286ADD7900878083 /* Keeper.swift */ = {isa = PBXFileReference; lastKnownFileType = sourcecode.swift; path = Keeper.swift; sourceTree = "<group>"; };
		8417D94E286AE3FF00878083 /* WeatherView.swift */ = {isa = PBXFileReference; lastKnownFileType = sourcecode.swift; path = WeatherView.swift; sourceTree = "<group>"; };
		842A45E9286B494C0029F819 /* DailyCellView.swift */ = {isa = PBXFileReference; lastKnownFileType = sourcecode.swift; path = DailyCellView.swift; sourceTree = "<group>"; };
		842A45EC286B49DC0029F819 /* HourlyCellView.swift */ = {isa = PBXFileReference; lastKnownFileType = sourcecode.swift; path = HourlyCellView.swift; sourceTree = "<group>"; };
		84AC164D286CD42800F88023 /* WeatherDataSource.swift */ = {isa = PBXFileReference; lastKnownFileType = sourcecode.swift; path = WeatherDataSource.swift; sourceTree = "<group>"; };
		84AC16B4286DC94300F88023 /* WeatherAPIEntity.swift */ = {isa = PBXFileReference; lastKnownFileType = sourcecode.swift; path = WeatherAPIEntity.swift; sourceTree = "<group>"; };
/* End PBXFileReference section */

/* Begin PBXFrameworksBuildPhase section */
		8417D8D9286ADB7E00878083 /* Frameworks */ = {
			isa = PBXFrameworksBuildPhase;
			buildActionMask = 2147483647;
			files = (
				842A45E4286B47730029F819 /* MLBasicKit in Frameworks */,
				842A45E7286B478E0029F819 /* MLNetworking in Frameworks */,
				8417D946286ADE5700878083 /* MLBasicKit in Frameworks */,
				8417D948286ADE5C00878083 /* MLNetworking in Frameworks */,
			);
			runOnlyForDeploymentPostprocessing = 0;
		};
		8417D8E9286ADB7F00878083 /* Frameworks */ = {
			isa = PBXFrameworksBuildPhase;
			buildActionMask = 2147483647;
			files = (
			);
			runOnlyForDeploymentPostprocessing = 0;
		};
		8417D8F3286ADB7F00878083 /* Frameworks */ = {
			isa = PBXFrameworksBuildPhase;
			buildActionMask = 2147483647;
			files = (
			);
			runOnlyForDeploymentPostprocessing = 0;
		};
/* End PBXFrameworksBuildPhase section */

/* Begin PBXGroup section */
		8417D8D3286ADB7E00878083 = {
			isa = PBXGroup;
			children = (
				8417D8DE286ADB7E00878083 /* WeatherSwiftUI */,
				8417D8EF286ADB7F00878083 /* WeatherSwiftUITests */,
				8417D8F9286ADB7F00878083 /* WeatherSwiftUIUITests */,
				8417D8DD286ADB7E00878083 /* Products */,
				8417D944286ADE5700878083 /* Frameworks */,
			);
			sourceTree = "<group>";
		};
		8417D8DD286ADB7E00878083 /* Products */ = {
			isa = PBXGroup;
			children = (
				8417D8DC286ADB7E00878083 /* WeatherSwiftUI.app */,
				8417D8EC286ADB7F00878083 /* WeatherSwiftUITests.xctest */,
				8417D8F6286ADB7F00878083 /* WeatherSwiftUIUITests.xctest */,
			);
			name = Products;
			sourceTree = "<group>";
		};
		8417D8DE286ADB7E00878083 /* WeatherSwiftUI */ = {
			isa = PBXGroup;
			children = (
				84AC164B286CCC1E00F88023 /* Core */,
				84AC1647286CCB7300F88023 /* Data */,
				84AC1646286CCB2300F88023 /* Presentation */,
				8417D8DF286ADB7E00878083 /* WeatherSwiftUIApp.swift */,
				8417D8E3286ADB7F00878083 /* Assets.xcassets */,
				8417D8E5286ADB7F00878083 /* Preview Content */,
			);
			path = WeatherSwiftUI;
			sourceTree = "<group>";
		};
		8417D8E5286ADB7F00878083 /* Preview Content */ = {
			isa = PBXGroup;
			children = (
				8417D8E6286ADB7F00878083 /* Preview Assets.xcassets */,
			);
			path = "Preview Content";
			sourceTree = "<group>";
		};
		8417D8EF286ADB7F00878083 /* WeatherSwiftUITests */ = {
			isa = PBXGroup;
			children = (
				8417D8F0286ADB7F00878083 /* WeatherSwiftUITests.swift */,
			);
			path = WeatherSwiftUITests;
			sourceTree = "<group>";
		};
		8417D8F9286ADB7F00878083 /* WeatherSwiftUIUITests */ = {
			isa = PBXGroup;
			children = (
				8417D8FA286ADB7F00878083 /* WeatherSwiftUIUITests.swift */,
				8417D8FC286ADB7F00878083 /* WeatherSwiftUIUITestsLaunchTests.swift */,
			);
			path = WeatherSwiftUIUITests;
			sourceTree = "<group>";
		};
		8417D90A286ADCFC00878083 /* Weather */ = {
			isa = PBXGroup;
			children = (
				842A45EB286B499B0029F819 /* HourlyCell */,
				842A45E8286B49260029F819 /* DailyCell */,
				8417D90F286ADCFC00878083 /* WeatherVM.swift */,
				8417D94E286AE3FF00878083 /* WeatherView.swift */,
			);
			path = Weather;
			sourceTree = "<group>";
		};
		8417D920286ADD2400878083 /* Weather */ = {
			isa = PBXGroup;
			children = (
				8417D922286ADD2400878083 /* WeatherResponse.swift */,
				84AC16B4286DC94300F88023 /* WeatherAPIEntity.swift */,
			);
			path = Weather;
			sourceTree = "<group>";
		};
		8417D936286ADD7900878083 /* Helper */ = {
			isa = PBXGroup;
			children = (
				8417D937286ADD7900878083 /* Helper.swift */,
			);
			path = Helper;
			sourceTree = "<group>";
		};
		8417D938286ADD7900878083 /* ServiceConstants */ = {
			isa = PBXGroup;
			children = (
				8417D939286ADD7900878083 /* Endpoints.swift */,
				8417D93A286ADD7900878083 /* AppDomain.swift */,
			);
			path = ServiceConstants;
			sourceTree = "<group>";
		};
		8417D93B286ADD7900878083 /* Session */ = {
			isa = PBXGroup;
			children = (
				8417D93C286ADD7900878083 /* SessionKeeper.swift */,
				8417D93D286ADD7900878083 /* Keeper.swift */,
			);
			path = Session;
			sourceTree = "<group>";
		};
		8417D944286ADE5700878083 /* Frameworks */ = {
			isa = PBXGroup;
			children = (
			);
			name = Frameworks;
			sourceTree = "<group>";
		};
		842A45E8286B49260029F819 /* DailyCell */ = {
			isa = PBXGroup;
			children = (
				842A45E9286B494C0029F819 /* DailyCellView.swift */,
			);
			path = DailyCell;
			sourceTree = "<group>";
		};
		842A45EB286B499B0029F819 /* HourlyCell */ = {
			isa = PBXGroup;
			children = (
				842A45EC286B49DC0029F819 /* HourlyCellView.swift */,
			);
			path = HourlyCell;
			sourceTree = "<group>";
		};
		84AC1646286CCB2300F88023 /* Presentation */ = {
			isa = PBXGroup;
			children = (
				8417D90A286ADCFC00878083 /* Weather */,
			);
			path = Presentation;
			sourceTree = "<group>";
		};
		84AC1647286CCB7300F88023 /* Data */ = {
			isa = PBXGroup;
			children = (
				84AC1649286CCBF500F88023 /* DataSource */,
			);
			path = Data;
			sourceTree = "<group>";
		};
		84AC1649286CCBF500F88023 /* DataSource */ = {
			isa = PBXGroup;
			children = (
				84AC164D286CD42800F88023 /* WeatherDataSource.swift */,
				84AC164A286CCC0700F88023 /* API */,
			);
			path = DataSource;
			sourceTree = "<group>";
		};
		84AC164A286CCC0700F88023 /* API */ = {
			isa = PBXGroup;
			children = (
				84AC164F286CD55F00F88023 /* Weather */,
				84AC164C286CCFB000F88023 /* Entity */,
			);
			path = API;
			sourceTree = "<group>";
		};
		84AC164B286CCC1E00F88023 /* Core */ = {
			isa = PBXGroup;
			children = (
				8417D936286ADD7900878083 /* Helper */,
				8417D938286ADD7900878083 /* ServiceConstants */,
				8417D93B286ADD7900878083 /* Session */,
			);
			path = Core;
			sourceTree = "<group>";
		};
		84AC164C286CCFB000F88023 /* Entity */ = {
			isa = PBXGroup;
			children = (
				8417D920286ADD2400878083 /* Weather */,
			);
			path = Entity;
			sourceTree = "<group>";
		};
		84AC164F286CD55F00F88023 /* Weather */ = {
			isa = PBXGroup;
			children = (
				8417D92E286ADD5B00878083 /* WeatherAPI.swift */,
			);
			path = Weather;
			sourceTree = "<group>";
		};
/* End PBXGroup section */

/* Begin PBXNativeTarget section */
		8417D8DB286ADB7E00878083 /* WeatherSwiftUI */ = {
			isa = PBXNativeTarget;
			buildConfigurationList = 8417D900286ADB7F00878083 /* Build configuration list for PBXNativeTarget "WeatherSwiftUI" */;
			buildPhases = (
				8417D8D8286ADB7E00878083 /* Sources */,
				8417D8D9286ADB7E00878083 /* Frameworks */,
				8417D8DA286ADB7E00878083 /* Resources */,
			);
			buildRules = (
			);
			dependencies = (
			);
			name = WeatherSwiftUI;
			packageProductDependencies = (
				8417D945286ADE5700878083 /* MLBasicKit */,
				8417D947286ADE5C00878083 /* MLNetworking */,
				842A45E3286B47730029F819 /* MLBasicKit */,
				842A45E6286B478E0029F819 /* MLNetworking */,
			);
			productName = WeatherSwiftUI;
			productReference = 8417D8DC286ADB7E00878083 /* WeatherSwiftUI.app */;
			productType = "com.apple.product-type.application";
		};
		8417D8EB286ADB7F00878083 /* WeatherSwiftUITests */ = {
			isa = PBXNativeTarget;
			buildConfigurationList = 8417D903286ADB7F00878083 /* Build configuration list for PBXNativeTarget "WeatherSwiftUITests" */;
			buildPhases = (
				8417D8E8286ADB7F00878083 /* Sources */,
				8417D8E9286ADB7F00878083 /* Frameworks */,
				8417D8EA286ADB7F00878083 /* Resources */,
			);
			buildRules = (
			);
			dependencies = (
				8417D8EE286ADB7F00878083 /* PBXTargetDependency */,
			);
			name = WeatherSwiftUITests;
			productName = WeatherSwiftUITests;
			productReference = 8417D8EC286ADB7F00878083 /* WeatherSwiftUITests.xctest */;
			productType = "com.apple.product-type.bundle.unit-test";
		};
		8417D8F5286ADB7F00878083 /* WeatherSwiftUIUITests */ = {
			isa = PBXNativeTarget;
			buildConfigurationList = 8417D906286ADB7F00878083 /* Build configuration list for PBXNativeTarget "WeatherSwiftUIUITests" */;
			buildPhases = (
				8417D8F2286ADB7F00878083 /* Sources */,
				8417D8F3286ADB7F00878083 /* Frameworks */,
				8417D8F4286ADB7F00878083 /* Resources */,
			);
			buildRules = (
			);
			dependencies = (
				8417D8F8286ADB7F00878083 /* PBXTargetDependency */,
			);
			name = WeatherSwiftUIUITests;
			productName = WeatherSwiftUIUITests;
			productReference = 8417D8F6286ADB7F00878083 /* WeatherSwiftUIUITests.xctest */;
			productType = "com.apple.product-type.bundle.ui-testing";
		};
/* End PBXNativeTarget section */

/* Begin PBXProject section */
		8417D8D4286ADB7E00878083 /* Project object */ = {
			isa = PBXProject;
			attributes = {
				BuildIndependentTargetsInParallel = 1;
				LastSwiftUpdateCheck = 1330;
				LastUpgradeCheck = 1330;
				TargetAttributes = {
					8417D8DB286ADB7E00878083 = {
						CreatedOnToolsVersion = 13.3.1;
					};
					8417D8EB286ADB7F00878083 = {
						CreatedOnToolsVersion = 13.3.1;
						TestTargetID = 8417D8DB286ADB7E00878083;
					};
					8417D8F5286ADB7F00878083 = {
						CreatedOnToolsVersion = 13.3.1;
						TestTargetID = 8417D8DB286ADB7E00878083;
					};
				};
			};
			buildConfigurationList = 8417D8D7286ADB7E00878083 /* Build configuration list for PBXProject "WeatherSwiftUI" */;
			compatibilityVersion = "Xcode 13.0";
			developmentRegion = en;
			hasScannedForEncodings = 0;
			knownRegions = (
				en,
				Base,
			);
			mainGroup = 8417D8D3286ADB7E00878083;
			packageReferences = (
				842A45E2286B47730029F819 /* XCRemoteSwiftPackageReference "MLBasicKit" */,
				842A45E5286B478E0029F819 /* XCRemoteSwiftPackageReference "MLNetworking" */,
			);
			productRefGroup = 8417D8DD286ADB7E00878083 /* Products */;
			projectDirPath = "";
			projectRoot = "";
			targets = (
				8417D8DB286ADB7E00878083 /* WeatherSwiftUI */,
				8417D8EB286ADB7F00878083 /* WeatherSwiftUITests */,
				8417D8F5286ADB7F00878083 /* WeatherSwiftUIUITests */,
			);
		};
/* End PBXProject section */

/* Begin PBXResourcesBuildPhase section */
		8417D8DA286ADB7E00878083 /* Resources */ = {
			isa = PBXResourcesBuildPhase;
			buildActionMask = 2147483647;
			files = (
				8417D8E7286ADB7F00878083 /* Preview Assets.xcassets in Resources */,
				8417D8E4286ADB7F00878083 /* Assets.xcassets in Resources */,
			);
			runOnlyForDeploymentPostprocessing = 0;
		};
		8417D8EA286ADB7F00878083 /* Resources */ = {
			isa = PBXResourcesBuildPhase;
			buildActionMask = 2147483647;
			files = (
			);
			runOnlyForDeploymentPostprocessing = 0;
		};
		8417D8F4286ADB7F00878083 /* Resources */ = {
			isa = PBXResourcesBuildPhase;
			buildActionMask = 2147483647;
			files = (
			);
			runOnlyForDeploymentPostprocessing = 0;
		};
/* End PBXResourcesBuildPhase section */

/* Begin PBXSourcesBuildPhase section */
		8417D8D8286ADB7E00878083 /* Sources */ = {
			isa = PBXSourcesBuildPhase;
			buildActionMask = 2147483647;
			files = (
				842A45EA286B494C0029F819 /* DailyCellView.swift in Sources */,
				8417D949286ADEB200878083 /* Helper.swift in Sources */,
				8417D94B286ADEBA00878083 /* AppDomain.swift in Sources */,
				8417D92F286ADD6300878083 /* WeatherAPI.swift in Sources */,
				8417D94A286ADEB700878083 /* Endpoints.swift in Sources */,
				8417D94D286ADEC200878083 /* Keeper.swift in Sources */,
				84AC164E286CD42800F88023 /* WeatherDataSource.swift in Sources */,
				84AC16B5286DC94300F88023 /* WeatherAPIEntity.swift in Sources */,
				8417D8E0286ADB7E00878083 /* WeatherSwiftUIApp.swift in Sources */,
				8417D94C286ADEBE00878083 /* SessionKeeper.swift in Sources */,
				8417D927286ADD3300878083 /* WeatherResponse.swift in Sources */,
				8417D94F286AE3FF00878083 /* WeatherView.swift in Sources */,
				842A45ED286B49DC0029F819 /* HourlyCellView.swift in Sources */,
				8417D919286ADCFC00878083 /* WeatherVM.swift in Sources */,
			);
			runOnlyForDeploymentPostprocessing = 0;
		};
		8417D8E8286ADB7F00878083 /* Sources */ = {
			isa = PBXSourcesBuildPhase;
			buildActionMask = 2147483647;
			files = (
				8417D8F1286ADB7F00878083 /* WeatherSwiftUITests.swift in Sources */,
			);
			runOnlyForDeploymentPostprocessing = 0;
		};
		8417D8F2286ADB7F00878083 /* Sources */ = {
			isa = PBXSourcesBuildPhase;
			buildActionMask = 2147483647;
			files = (
				8417D8FB286ADB7F00878083 /* WeatherSwiftUIUITests.swift in Sources */,
				8417D8FD286ADB7F00878083 /* WeatherSwiftUIUITestsLaunchTests.swift in Sources */,
			);
			runOnlyForDeploymentPostprocessing = 0;
		};
/* End PBXSourcesBuildPhase section */

/* Begin PBXTargetDependency section */
		8417D8EE286ADB7F00878083 /* PBXTargetDependency */ = {
			isa = PBXTargetDependency;
			target = 8417D8DB286ADB7E00878083 /* WeatherSwiftUI */;
			targetProxy = 8417D8ED286ADB7F00878083 /* PBXContainerItemProxy */;
		};
		8417D8F8286ADB7F00878083 /* PBXTargetDependency */ = {
			isa = PBXTargetDependency;
			target = 8417D8DB286ADB7E00878083 /* WeatherSwiftUI */;
			targetProxy = 8417D8F7286ADB7F00878083 /* PBXContainerItemProxy */;
		};
/* End PBXTargetDependency section */

/* Begin XCBuildConfiguration section */
		8417D8FE286ADB7F00878083 /* Debug */ = {
			isa = XCBuildConfiguration;
			buildSettings = {
				ALWAYS_SEARCH_USER_PATHS = NO;
				CLANG_ANALYZER_NONNULL = YES;
				CLANG_ANALYZER_NUMBER_OBJECT_CONVERSION = YES_AGGRESSIVE;
				CLANG_CXX_LANGUAGE_STANDARD = "gnu++17";
				CLANG_ENABLE_MODULES = YES;
				CLANG_ENABLE_OBJC_ARC = YES;
				CLANG_ENABLE_OBJC_WEAK = YES;
				CLANG_WARN_BLOCK_CAPTURE_AUTORELEASING = YES;
				CLANG_WARN_BOOL_CONVERSION = YES;
				CLANG_WARN_COMMA = YES;
				CLANG_WARN_CONSTANT_CONVERSION = YES;
				CLANG_WARN_DEPRECATED_OBJC_IMPLEMENTATIONS = YES;
				CLANG_WARN_DIRECT_OBJC_ISA_USAGE = YES_ERROR;
				CLANG_WARN_DOCUMENTATION_COMMENTS = YES;
				CLANG_WARN_EMPTY_BODY = YES;
				CLANG_WARN_ENUM_CONVERSION = YES;
				CLANG_WARN_INFINITE_RECURSION = YES;
				CLANG_WARN_INT_CONVERSION = YES;
				CLANG_WARN_NON_LITERAL_NULL_CONVERSION = YES;
				CLANG_WARN_OBJC_IMPLICIT_RETAIN_SELF = YES;
				CLANG_WARN_OBJC_LITERAL_CONVERSION = YES;
				CLANG_WARN_OBJC_ROOT_CLASS = YES_ERROR;
				CLANG_WARN_QUOTED_INCLUDE_IN_FRAMEWORK_HEADER = YES;
				CLANG_WARN_RANGE_LOOP_ANALYSIS = YES;
				CLANG_WARN_STRICT_PROTOTYPES = YES;
				CLANG_WARN_SUSPICIOUS_MOVE = YES;
				CLANG_WARN_UNGUARDED_AVAILABILITY = YES_AGGRESSIVE;
				CLANG_WARN_UNREACHABLE_CODE = YES;
				CLANG_WARN__DUPLICATE_METHOD_MATCH = YES;
				COPY_PHASE_STRIP = NO;
				DEBUG_INFORMATION_FORMAT = dwarf;
				ENABLE_STRICT_OBJC_MSGSEND = YES;
				ENABLE_TESTABILITY = YES;
				GCC_C_LANGUAGE_STANDARD = gnu11;
				GCC_DYNAMIC_NO_PIC = NO;
				GCC_NO_COMMON_BLOCKS = YES;
				GCC_OPTIMIZATION_LEVEL = 0;
				GCC_PREPROCESSOR_DEFINITIONS = (
					"DEBUG=1",
					"$(inherited)",
				);
				GCC_WARN_64_TO_32_BIT_CONVERSION = YES;
				GCC_WARN_ABOUT_RETURN_TYPE = YES_ERROR;
				GCC_WARN_UNDECLARED_SELECTOR = YES;
				GCC_WARN_UNINITIALIZED_AUTOS = YES_AGGRESSIVE;
				GCC_WARN_UNUSED_FUNCTION = YES;
				GCC_WARN_UNUSED_VARIABLE = YES;
				IPHONEOS_DEPLOYMENT_TARGET = 15.4;
				MTL_ENABLE_DEBUG_INFO = INCLUDE_SOURCE;
				MTL_FAST_MATH = YES;
				ONLY_ACTIVE_ARCH = YES;
				SDKROOT = iphoneos;
				SWIFT_ACTIVE_COMPILATION_CONDITIONS = DEBUG;
				SWIFT_OPTIMIZATION_LEVEL = "-Onone";
			};
			name = Debug;
		};
		8417D8FF286ADB7F00878083 /* Release */ = {
			isa = XCBuildConfiguration;
			buildSettings = {
				ALWAYS_SEARCH_USER_PATHS = NO;
				CLANG_ANALYZER_NONNULL = YES;
				CLANG_ANALYZER_NUMBER_OBJECT_CONVERSION = YES_AGGRESSIVE;
				CLANG_CXX_LANGUAGE_STANDARD = "gnu++17";
				CLANG_ENABLE_MODULES = YES;
				CLANG_ENABLE_OBJC_ARC = YES;
				CLANG_ENABLE_OBJC_WEAK = YES;
				CLANG_WARN_BLOCK_CAPTURE_AUTORELEASING = YES;
				CLANG_WARN_BOOL_CONVERSION = YES;
				CLANG_WARN_COMMA = YES;
				CLANG_WARN_CONSTANT_CONVERSION = YES;
				CLANG_WARN_DEPRECATED_OBJC_IMPLEMENTATIONS = YES;
				CLANG_WARN_DIRECT_OBJC_ISA_USAGE = YES_ERROR;
				CLANG_WARN_DOCUMENTATION_COMMENTS = YES;
				CLANG_WARN_EMPTY_BODY = YES;
				CLANG_WARN_ENUM_CONVERSION = YES;
				CLANG_WARN_INFINITE_RECURSION = YES;
				CLANG_WARN_INT_CONVERSION = YES;
				CLANG_WARN_NON_LITERAL_NULL_CONVERSION = YES;
				CLANG_WARN_OBJC_IMPLICIT_RETAIN_SELF = YES;
				CLANG_WARN_OBJC_LITERAL_CONVERSION = YES;
				CLANG_WARN_OBJC_ROOT_CLASS = YES_ERROR;
				CLANG_WARN_QUOTED_INCLUDE_IN_FRAMEWORK_HEADER = YES;
				CLANG_WARN_RANGE_LOOP_ANALYSIS = YES;
				CLANG_WARN_STRICT_PROTOTYPES = YES;
				CLANG_WARN_SUSPICIOUS_MOVE = YES;
				CLANG_WARN_UNGUARDED_AVAILABILITY = YES_AGGRESSIVE;
				CLANG_WARN_UNREACHABLE_CODE = YES;
				CLANG_WARN__DUPLICATE_METHOD_MATCH = YES;
				COPY_PHASE_STRIP = NO;
				DEBUG_INFORMATION_FORMAT = "dwarf-with-dsym";
				ENABLE_NS_ASSERTIONS = NO;
				ENABLE_STRICT_OBJC_MSGSEND = YES;
				GCC_C_LANGUAGE_STANDARD = gnu11;
				GCC_NO_COMMON_BLOCKS = YES;
				GCC_WARN_64_TO_32_BIT_CONVERSION = YES;
				GCC_WARN_ABOUT_RETURN_TYPE = YES_ERROR;
				GCC_WARN_UNDECLARED_SELECTOR = YES;
				GCC_WARN_UNINITIALIZED_AUTOS = YES_AGGRESSIVE;
				GCC_WARN_UNUSED_FUNCTION = YES;
				GCC_WARN_UNUSED_VARIABLE = YES;
				IPHONEOS_DEPLOYMENT_TARGET = 15.4;
				MTL_ENABLE_DEBUG_INFO = NO;
				MTL_FAST_MATH = YES;
				SDKROOT = iphoneos;
				SWIFT_COMPILATION_MODE = wholemodule;
				SWIFT_OPTIMIZATION_LEVEL = "-O";
				VALIDATE_PRODUCT = YES;
			};
			name = Release;
		};
		8417D901286ADB7F00878083 /* Debug */ = {
			isa = XCBuildConfiguration;
			buildSettings = {
				ASSETCATALOG_COMPILER_APPICON_NAME = AppIcon;
				ASSETCATALOG_COMPILER_GLOBAL_ACCENT_COLOR_NAME = AccentColor;
				CODE_SIGN_STYLE = Automatic;
				CURRENT_PROJECT_VERSION = 1;
				DEVELOPMENT_ASSET_PATHS = "\"WeatherSwiftUI/Preview Content\"";
				DEVELOPMENT_TEAM = KHRD8446CX;
				ENABLE_PREVIEWS = YES;
				GENERATE_INFOPLIST_FILE = YES;
				INFOPLIST_KEY_UIApplicationSceneManifest_Generation = YES;
				INFOPLIST_KEY_UIApplicationSupportsIndirectInputEvents = YES;
				INFOPLIST_KEY_UILaunchScreen_Generation = YES;
				INFOPLIST_KEY_UISupportedInterfaceOrientations_iPad = "UIInterfaceOrientationPortrait UIInterfaceOrientationPortraitUpsideDown UIInterfaceOrientationLandscapeLeft UIInterfaceOrientationLandscapeRight";
				INFOPLIST_KEY_UISupportedInterfaceOrientations_iPhone = "UIInterfaceOrientationPortrait UIInterfaceOrientationLandscapeLeft UIInterfaceOrientationLandscapeRight";
				LD_RUNPATH_SEARCH_PATHS = (
					"$(inherited)",
					"@executable_path/Frameworks",
				);
				MARKETING_VERSION = 1.0;
				PRODUCT_BUNDLE_IDENTIFIER = magiclamp.WeatherSwiftUI;
				PRODUCT_NAME = "$(TARGET_NAME)";
				SWIFT_EMIT_LOC_STRINGS = YES;
				SWIFT_VERSION = 5.0;
				TARGETED_DEVICE_FAMILY = "1,2";
			};
			name = Debug;
		};
		8417D902286ADB7F00878083 /* Release */ = {
			isa = XCBuildConfiguration;
			buildSettings = {
				ASSETCATALOG_COMPILER_APPICON_NAME = AppIcon;
				ASSETCATALOG_COMPILER_GLOBAL_ACCENT_COLOR_NAME = AccentColor;
				CODE_SIGN_STYLE = Automatic;
				CURRENT_PROJECT_VERSION = 1;
				DEVELOPMENT_ASSET_PATHS = "\"WeatherSwiftUI/Preview Content\"";
				DEVELOPMENT_TEAM = KHRD8446CX;
				ENABLE_PREVIEWS = YES;
				GENERATE_INFOPLIST_FILE = YES;
				INFOPLIST_KEY_UIApplicationSceneManifest_Generation = YES;
				INFOPLIST_KEY_UIApplicationSupportsIndirectInputEvents = YES;
				INFOPLIST_KEY_UILaunchScreen_Generation = YES;
				INFOPLIST_KEY_UISupportedInterfaceOrientations_iPad = "UIInterfaceOrientationPortrait UIInterfaceOrientationPortraitUpsideDown UIInterfaceOrientationLandscapeLeft UIInterfaceOrientationLandscapeRight";
				INFOPLIST_KEY_UISupportedInterfaceOrientations_iPhone = "UIInterfaceOrientationPortrait UIInterfaceOrientationLandscapeLeft UIInterfaceOrientationLandscapeRight";
				LD_RUNPATH_SEARCH_PATHS = (
					"$(inherited)",
					"@executable_path/Frameworks",
				);
				MARKETING_VERSION = 1.0;
				PRODUCT_BUNDLE_IDENTIFIER = magiclamp.WeatherSwiftUI;
				PRODUCT_NAME = "$(TARGET_NAME)";
				SWIFT_EMIT_LOC_STRINGS = YES;
				SWIFT_VERSION = 5.0;
				TARGETED_DEVICE_FAMILY = "1,2";
			};
			name = Release;
		};
		8417D904286ADB7F00878083 /* Debug */ = {
			isa = XCBuildConfiguration;
			buildSettings = {
				ALWAYS_EMBED_SWIFT_STANDARD_LIBRARIES = YES;
				BUNDLE_LOADER = "$(TEST_HOST)";
				CODE_SIGN_STYLE = Automatic;
				CURRENT_PROJECT_VERSION = 1;
				DEVELOPMENT_TEAM = KHRD8446CX;
				GENERATE_INFOPLIST_FILE = YES;
				IPHONEOS_DEPLOYMENT_TARGET = 15.4;
				MARKETING_VERSION = 1.0;
				PRODUCT_BUNDLE_IDENTIFIER = magiclamp.WeatherSwiftUITests;
				PRODUCT_NAME = "$(TARGET_NAME)";
				SWIFT_EMIT_LOC_STRINGS = NO;
				SWIFT_VERSION = 5.0;
				TARGETED_DEVICE_FAMILY = "1,2";
				TEST_HOST = "$(BUILT_PRODUCTS_DIR)/WeatherSwiftUI.app/WeatherSwiftUI";
			};
			name = Debug;
		};
		8417D905286ADB7F00878083 /* Release */ = {
			isa = XCBuildConfiguration;
			buildSettings = {
				ALWAYS_EMBED_SWIFT_STANDARD_LIBRARIES = YES;
				BUNDLE_LOADER = "$(TEST_HOST)";
				CODE_SIGN_STYLE = Automatic;
				CURRENT_PROJECT_VERSION = 1;
				DEVELOPMENT_TEAM = KHRD8446CX;
				GENERATE_INFOPLIST_FILE = YES;
				IPHONEOS_DEPLOYMENT_TARGET = 15.4;
				MARKETING_VERSION = 1.0;
				PRODUCT_BUNDLE_IDENTIFIER = magiclamp.WeatherSwiftUITests;
				PRODUCT_NAME = "$(TARGET_NAME)";
				SWIFT_EMIT_LOC_STRINGS = NO;
				SWIFT_VERSION = 5.0;
				TARGETED_DEVICE_FAMILY = "1,2";
				TEST_HOST = "$(BUILT_PRODUCTS_DIR)/WeatherSwiftUI.app/WeatherSwiftUI";
			};
			name = Release;
		};
		8417D907286ADB7F00878083 /* Debug */ = {
			isa = XCBuildConfiguration;
			buildSettings = {
				ALWAYS_EMBED_SWIFT_STANDARD_LIBRARIES = YES;
				CODE_SIGN_STYLE = Automatic;
				CURRENT_PROJECT_VERSION = 1;
				DEVELOPMENT_TEAM = KHRD8446CX;
				GENERATE_INFOPLIST_FILE = YES;
				MARKETING_VERSION = 1.0;
				PRODUCT_BUNDLE_IDENTIFIER = magiclamp.WeatherSwiftUIUITests;
				PRODUCT_NAME = "$(TARGET_NAME)";
				SWIFT_EMIT_LOC_STRINGS = NO;
				SWIFT_VERSION = 5.0;
				TARGETED_DEVICE_FAMILY = "1,2";
				TEST_TARGET_NAME = WeatherSwiftUI;
			};
			name = Debug;
		};
		8417D908286ADB7F00878083 /* Release */ = {
			isa = XCBuildConfiguration;
			buildSettings = {
				ALWAYS_EMBED_SWIFT_STANDARD_LIBRARIES = YES;
				CODE_SIGN_STYLE = Automatic;
				CURRENT_PROJECT_VERSION = 1;
				DEVELOPMENT_TEAM = KHRD8446CX;
				GENERATE_INFOPLIST_FILE = YES;
				MARKETING_VERSION = 1.0;
				PRODUCT_BUNDLE_IDENTIFIER = magiclamp.WeatherSwiftUIUITests;
				PRODUCT_NAME = "$(TARGET_NAME)";
				SWIFT_EMIT_LOC_STRINGS = NO;
				SWIFT_VERSION = 5.0;
				TARGETED_DEVICE_FAMILY = "1,2";
				TEST_TARGET_NAME = WeatherSwiftUI;
			};
			name = Release;
		};
/* End XCBuildConfiguration section */

/* Begin XCConfigurationList section */
		8417D8D7286ADB7E00878083 /* Build configuration list for PBXProject "WeatherSwiftUI" */ = {
			isa = XCConfigurationList;
			buildConfigurations = (
				8417D8FE286ADB7F00878083 /* Debug */,
				8417D8FF286ADB7F00878083 /* Release */,
			);
			defaultConfigurationIsVisible = 0;
			defaultConfigurationName = Release;
		};
		8417D900286ADB7F00878083 /* Build configuration list for PBXNativeTarget "WeatherSwiftUI" */ = {
			isa = XCConfigurationList;
			buildConfigurations = (
				8417D901286ADB7F00878083 /* Debug */,
				8417D902286ADB7F00878083 /* Release */,
			);
			defaultConfigurationIsVisible = 0;
			defaultConfigurationName = Release;
		};
		8417D903286ADB7F00878083 /* Build configuration list for PBXNativeTarget "WeatherSwiftUITests" */ = {
			isa = XCConfigurationList;
			buildConfigurations = (
				8417D904286ADB7F00878083 /* Debug */,
				8417D905286ADB7F00878083 /* Release */,
			);
			defaultConfigurationIsVisible = 0;
			defaultConfigurationName = Release;
		};
		8417D906286ADB7F00878083 /* Build configuration list for PBXNativeTarget "WeatherSwiftUIUITests" */ = {
			isa = XCConfigurationList;
			buildConfigurations = (
				8417D907286ADB7F00878083 /* Debug */,
				8417D908286ADB7F00878083 /* Release */,
			);
			defaultConfigurationIsVisible = 0;
			defaultConfigurationName = Release;
		};
/* End XCConfigurationList section */

/* Begin XCRemoteSwiftPackageReference section */
		842A45E2286B47730029F819 /* XCRemoteSwiftPackageReference "MLBasicKit" */ = {
			isa = XCRemoteSwiftPackageReference;
			repositoryURL = "https://github.com/alaattinbedir/MLBasicKit.git";
			requirement = {
				kind = upToNextMajorVersion;
				minimumVersion = 1.0.0;
			};
		};
		842A45E5286B478E0029F819 /* XCRemoteSwiftPackageReference "MLNetworking" */ = {
			isa = XCRemoteSwiftPackageReference;
			repositoryURL = "https://github.com/alaattinbedir/MLNetworking.git";
			requirement = {
				kind = upToNextMajorVersion;
				minimumVersion = 1.0.0;
			};
		};
/* End XCRemoteSwiftPackageReference section */

/* Begin XCSwiftPackageProductDependency section */
		8417D945286ADE5700878083 /* MLBasicKit */ = {
			isa = XCSwiftPackageProductDependency;
			productName = MLBasicKit;
		};
		8417D947286ADE5C00878083 /* MLNetworking */ = {
			isa = XCSwiftPackageProductDependency;
			productName = MLNetworking;
		};
		842A45E3286B47730029F819 /* MLBasicKit */ = {
			isa = XCSwiftPackageProductDependency;
			package = 842A45E2286B47730029F819 /* XCRemoteSwiftPackageReference "MLBasicKit" */;
			productName = MLBasicKit;
		};
		842A45E6286B478E0029F819 /* MLNetworking */ = {
			isa = XCSwiftPackageProductDependency;
			package = 842A45E5286B478E0029F819 /* XCRemoteSwiftPackageReference "MLNetworking" */;
			productName = MLNetworking;
		};
/* End XCSwiftPackageProductDependency section */
	};
	rootObject = 8417D8D4286ADB7E00878083 /* Project object */;
}
